
Microsoft Visual Studio Solution File, Format Version 12.00
# Visual Studio 15
VisualStudioVersion = 15.0.27130.2003
MinimumVisualStudioVersion = 10.0.40219.1
Project("{FAE04EC0-301F-11D3-BF4B-00C04F79EFBC}") = "Exercise8", "Exercise8\Exercise8.csproj", "{AE219182-563A-452D-A66E-09AAE399D8A2}"
EndProject
Global
	GlobalSection(SolutionConfigurationPlatforms) = preSolution
		Debug|Any CPU = Debug|Any CPU
		Release|Any CPU = Release|Any CPU
	EndGlobalSection
	GlobalSection(ProjectConfigurationPlatforms) = postSolution
		{AE219182-563A-452D-A66E-09AAE399D8A2}.Debug|Any CPU.ActiveCfg = Debug|Any CPU
		{AE219182-563A-452D-A66E-09AAE399D8A2}.Debug|Any CPU.Build.0 = Debug|Any CPU
		{AE219182-563A-452D-A66E-09AAE399D8A2}.Release|Any CPU.ActiveCfg = Release|Any CPU
		{AE219182-563A-452D-A66E-09AAE399D8A2}.Release|Any CPU.Build.0 = Release|Any CPU
	EndGlobalSection
	GlobalSection(SolutionProperties) = preSolution
		HideSolutionNode = FALSE
	EndGlobalSection
	GlobalSection(ExtensibilityGlobals) = postSolution
		SolutionGuid = {76F767FB-519B-430F-9ED3-5DBC40EC51B1}
	EndGlobalSection
EndGlobal
