
Microsoft Visual Studio Solution File, Format Version 12.00
# Visual Studio 15
VisualStudioVersion = 15.0.27004.2009
MinimumVisualStudioVersion = 10.0.40219.1
Project("{FAE04EC0-301F-11D3-BF4B-00C04F79EFBC}") = "Factorio", "Factorio\Factorio.csproj", "{D76DE2B7-9ED6-4CD5-8526-125F9AF96FA3}"
EndProject
Global
	GlobalSection(SolutionConfigurationPlatforms) = preSolution
		Debug|Any CPU = Debug|Any CPU
		Release|Any CPU = Release|Any CPU
	EndGlobalSection
	GlobalSection(ProjectConfigurationPlatforms) = postSolution
		{D76DE2B7-9ED6-4CD5-8526-125F9AF96FA3}.Debug|Any CPU.ActiveCfg = Debug|Any CPU
		{D76DE2B7-9ED6-4CD5-8526-125F9AF96FA3}.Debug|Any CPU.Build.0 = Debug|Any CPU
		{D76DE2B7-9ED6-4CD5-8526-125F9AF96FA3}.Release|Any CPU.ActiveCfg = Release|Any CPU
		{D76DE2B7-9ED6-4CD5-8526-125F9AF96FA3}.Release|Any CPU.Build.0 = Release|Any CPU
	EndGlobalSection
	GlobalSection(SolutionProperties) = preSolution
		HideSolutionNode = FALSE
	EndGlobalSection
	GlobalSection(ExtensibilityGlobals) = postSolution
		SolutionGuid = {238CFBF4-D93F-4618-83C7-D6770120293C}
	EndGlobalSection
EndGlobal
