
Microsoft Visual Studio Solution File, Format Version 12.00
# Visual Studio 15
VisualStudioVersion = 15.0.27130.2003
MinimumVisualStudioVersion = 10.0.40219.1
Project("{FAE04EC0-301F-11D3-BF4B-00C04F79EFBC}") = "UniqueChars", "UniqueChars\UniqueChars.csproj", "{5E1BF84C-64E5-4445-B2D5-B39D1AF7F1AA}"
EndProject
Project("{FAE04EC0-301F-11D3-BF4B-00C04F79EFBC}") = "UnitTestUniqueChars", "UnitTestUniqueChars\UnitTestUniqueChars.csproj", "{1BB64507-BDCB-489E-9199-C35B5166FC3B}"
EndProject
Global
	GlobalSection(SolutionConfigurationPlatforms) = preSolution
		Debug|Any CPU = Debug|Any CPU
		Release|Any CPU = Release|Any CPU
	EndGlobalSection
	GlobalSection(ProjectConfigurationPlatforms) = postSolution
		{5E1BF84C-64E5-4445-B2D5-B39D1AF7F1AA}.Debug|Any CPU.ActiveCfg = Debug|Any CPU
		{5E1BF84C-64E5-4445-B2D5-B39D1AF7F1AA}.Debug|Any CPU.Build.0 = Debug|Any CPU
		{5E1BF84C-64E5-4445-B2D5-B39D1AF7F1AA}.Release|Any CPU.ActiveCfg = Release|Any CPU
		{5E1BF84C-64E5-4445-B2D5-B39D1AF7F1AA}.Release|Any CPU.Build.0 = Release|Any CPU
		{1BB64507-BDCB-489E-9199-C35B5166FC3B}.Debug|Any CPU.ActiveCfg = Debug|Any CPU
		{1BB64507-BDCB-489E-9199-C35B5166FC3B}.Debug|Any CPU.Build.0 = Debug|Any CPU
		{1BB64507-BDCB-489E-9199-C35B5166FC3B}.Release|Any CPU.ActiveCfg = Release|Any CPU
		{1BB64507-BDCB-489E-9199-C35B5166FC3B}.Release|Any CPU.Build.0 = Release|Any CPU
	EndGlobalSection
	GlobalSection(SolutionProperties) = preSolution
		HideSolutionNode = FALSE
	EndGlobalSection
	GlobalSection(ExtensibilityGlobals) = postSolution
		SolutionGuid = {17A4D6F6-1913-425C-80E0-0C304822E98F}
	EndGlobalSection
EndGlobal
