
Microsoft Visual Studio Solution File, Format Version 12.00
# Visual Studio 15
VisualStudioVersion = 15.0.27130.2003
MinimumVisualStudioVersion = 10.0.40219.1
Project("{FAE04EC0-301F-11D3-BF4B-00C04F79EFBC}") = "Petrol Station", "Petrol Station\Petrol Station.csproj", "{B66E4062-7C97-42A6-96C9-6C190AD9E680}"
EndProject
Global
	GlobalSection(SolutionConfigurationPlatforms) = preSolution
		Debug|Any CPU = Debug|Any CPU
		Release|Any CPU = Release|Any CPU
	EndGlobalSection
	GlobalSection(ProjectConfigurationPlatforms) = postSolution
		{B66E4062-7C97-42A6-96C9-6C190AD9E680}.Debug|Any CPU.ActiveCfg = Debug|Any CPU
		{B66E4062-7C97-42A6-96C9-6C190AD9E680}.Debug|Any CPU.Build.0 = Debug|Any CPU
		{B66E4062-7C97-42A6-96C9-6C190AD9E680}.Release|Any CPU.ActiveCfg = Release|Any CPU
		{B66E4062-7C97-42A6-96C9-6C190AD9E680}.Release|Any CPU.Build.0 = Release|Any CPU
	EndGlobalSection
	GlobalSection(SolutionProperties) = preSolution
		HideSolutionNode = FALSE
	EndGlobalSection
	GlobalSection(ExtensibilityGlobals) = postSolution
		SolutionGuid = {C8898AD1-389D-490A-B5CF-269D89BDB712}
	EndGlobalSection
EndGlobal
