
Microsoft Visual Studio Solution File, Format Version 12.00
# Visual Studio 15
VisualStudioVersion = 15.0.27004.2009
MinimumVisualStudioVersion = 10.0.40219.1
Project("{FAE04EC0-301F-11D3-BF4B-00C04F79EFBC}") = "CenterBoxFunction", "CenterBoxFunction\CenterBoxFunction.csproj", "{6F777A69-D75B-4B0B-91A3-B616ACC497DD}"
EndProject
Global
	GlobalSection(SolutionConfigurationPlatforms) = preSolution
		Debug|Any CPU = Debug|Any CPU
		Release|Any CPU = Release|Any CPU
	EndGlobalSection
	GlobalSection(ProjectConfigurationPlatforms) = postSolution
		{6F777A69-D75B-4B0B-91A3-B616ACC497DD}.Debug|Any CPU.ActiveCfg = Debug|Any CPU
		{6F777A69-D75B-4B0B-91A3-B616ACC497DD}.Debug|Any CPU.Build.0 = Debug|Any CPU
		{6F777A69-D75B-4B0B-91A3-B616ACC497DD}.Release|Any CPU.ActiveCfg = Release|Any CPU
		{6F777A69-D75B-4B0B-91A3-B616ACC497DD}.Release|Any CPU.Build.0 = Release|Any CPU
	EndGlobalSection
	GlobalSection(SolutionProperties) = preSolution
		HideSolutionNode = FALSE
	EndGlobalSection
	GlobalSection(ExtensibilityGlobals) = postSolution
		SolutionGuid = {88CB5F4B-89D5-4938-BF20-FC26514987D1}
	EndGlobalSection
EndGlobal
