
Microsoft Visual Studio Solution File, Format Version 12.00
# Visual Studio 15
VisualStudioVersion = 15.0.27004.2009
MinimumVisualStudioVersion = 10.0.40219.1
Project("{FAE04EC0-301F-11D3-BF4B-00C04F79EFBC}") = "TwoNumbers", "TwoNumbers\TwoNumbers.csproj", "{2D7F6F31-6503-4961-BD67-A93CA25AD155}"
EndProject
Global
	GlobalSection(SolutionConfigurationPlatforms) = preSolution
		Debug|Any CPU = Debug|Any CPU
		Release|Any CPU = Release|Any CPU
	EndGlobalSection
	GlobalSection(ProjectConfigurationPlatforms) = postSolution
		{2D7F6F31-6503-4961-BD67-A93CA25AD155}.Debug|Any CPU.ActiveCfg = Debug|Any CPU
		{2D7F6F31-6503-4961-BD67-A93CA25AD155}.Debug|Any CPU.Build.0 = Debug|Any CPU
		{2D7F6F31-6503-4961-BD67-A93CA25AD155}.Release|Any CPU.ActiveCfg = Release|Any CPU
		{2D7F6F31-6503-4961-BD67-A93CA25AD155}.Release|Any CPU.Build.0 = Release|Any CPU
	EndGlobalSection
	GlobalSection(SolutionProperties) = preSolution
		HideSolutionNode = FALSE
	EndGlobalSection
	GlobalSection(ExtensibilityGlobals) = postSolution
		SolutionGuid = {8625206C-1B87-419F-BC34-1C5506DFBD98}
	EndGlobalSection
EndGlobal
