
Microsoft Visual Studio Solution File, Format Version 12.00
# Visual Studio 15
VisualStudioVersion = 15.0.27130.2003
MinimumVisualStudioVersion = 10.0.40219.1
Project("{FAE04EC0-301F-11D3-BF4B-00C04F79EFBC}") = "exercise7", "exercise7\exercise7.csproj", "{A5274D94-C037-4316-8005-59F942A89960}"
EndProject
Global
	GlobalSection(SolutionConfigurationPlatforms) = preSolution
		Debug|Any CPU = Debug|Any CPU
		Release|Any CPU = Release|Any CPU
	EndGlobalSection
	GlobalSection(ProjectConfigurationPlatforms) = postSolution
		{A5274D94-C037-4316-8005-59F942A89960}.Debug|Any CPU.ActiveCfg = Debug|Any CPU
		{A5274D94-C037-4316-8005-59F942A89960}.Debug|Any CPU.Build.0 = Debug|Any CPU
		{A5274D94-C037-4316-8005-59F942A89960}.Release|Any CPU.ActiveCfg = Release|Any CPU
		{A5274D94-C037-4316-8005-59F942A89960}.Release|Any CPU.Build.0 = Release|Any CPU
	EndGlobalSection
	GlobalSection(SolutionProperties) = preSolution
		HideSolutionNode = FALSE
	EndGlobalSection
	GlobalSection(ExtensibilityGlobals) = postSolution
		SolutionGuid = {AF3B6D0B-DFF1-43F4-B347-A724927A49DD}
	EndGlobalSection
EndGlobal
