
Microsoft Visual Studio Solution File, Format Version 12.00
# Visual Studio 15
VisualStudioVersion = 15.0.27004.2009
MinimumVisualStudioVersion = 10.0.40219.1
Project("{FAE04EC0-301F-11D3-BF4B-00C04F79EFBC}") = "FourRectangles", "FourRectangles\FourRectangles.csproj", "{87E2F39D-6A1E-43B1-8170-0374F68EF293}"
EndProject
Global
	GlobalSection(SolutionConfigurationPlatforms) = preSolution
		Debug|Any CPU = Debug|Any CPU
		Release|Any CPU = Release|Any CPU
	EndGlobalSection
	GlobalSection(ProjectConfigurationPlatforms) = postSolution
		{87E2F39D-6A1E-43B1-8170-0374F68EF293}.Debug|Any CPU.ActiveCfg = Debug|Any CPU
		{87E2F39D-6A1E-43B1-8170-0374F68EF293}.Debug|Any CPU.Build.0 = Debug|Any CPU
		{87E2F39D-6A1E-43B1-8170-0374F68EF293}.Release|Any CPU.ActiveCfg = Release|Any CPU
		{87E2F39D-6A1E-43B1-8170-0374F68EF293}.Release|Any CPU.Build.0 = Release|Any CPU
	EndGlobalSection
	GlobalSection(SolutionProperties) = preSolution
		HideSolutionNode = FALSE
	EndGlobalSection
	GlobalSection(ExtensibilityGlobals) = postSolution
		SolutionGuid = {CAB593E1-9683-458E-909B-3CFE0F599886}
	EndGlobalSection
EndGlobal
