
Microsoft Visual Studio Solution File, Format Version 12.00
# Visual Studio 15
VisualStudioVersion = 15.0.27004.2009
MinimumVisualStudioVersion = 10.0.40219.1
Project("{FAE04EC0-301F-11D3-BF4B-00C04F79EFBC}") = "PartyIndicator", "PartyIndicator\PartyIndicator.csproj", "{72760D79-AE53-4AFF-8550-74792ACA5F5C}"
EndProject
Global
	GlobalSection(SolutionConfigurationPlatforms) = preSolution
		Debug|Any CPU = Debug|Any CPU
		Release|Any CPU = Release|Any CPU
	EndGlobalSection
	GlobalSection(ProjectConfigurationPlatforms) = postSolution
		{72760D79-AE53-4AFF-8550-74792ACA5F5C}.Debug|Any CPU.ActiveCfg = Debug|Any CPU
		{72760D79-AE53-4AFF-8550-74792ACA5F5C}.Debug|Any CPU.Build.0 = Debug|Any CPU
		{72760D79-AE53-4AFF-8550-74792ACA5F5C}.Release|Any CPU.ActiveCfg = Release|Any CPU
		{72760D79-AE53-4AFF-8550-74792ACA5F5C}.Release|Any CPU.Build.0 = Release|Any CPU
	EndGlobalSection
	GlobalSection(SolutionProperties) = preSolution
		HideSolutionNode = FALSE
	EndGlobalSection
	GlobalSection(ExtensibilityGlobals) = postSolution
		SolutionGuid = {E968B69B-9557-4ED6-B7F4-B9F1079D733D}
	EndGlobalSection
EndGlobal
