
Microsoft Visual Studio Solution File, Format Version 12.00
# Visual Studio 15
VisualStudioVersion = 15.0.27004.2009
MinimumVisualStudioVersion = 10.0.40219.1
Project("{FAE04EC0-301F-11D3-BF4B-00C04F79EFBC}") = "ChangeElement", "ChangeElement\ChangeElement.csproj", "{44B7E17D-180A-40D5-A5FA-3A924B424DAC}"
EndProject
Global
	GlobalSection(SolutionConfigurationPlatforms) = preSolution
		Debug|Any CPU = Debug|Any CPU
		Release|Any CPU = Release|Any CPU
	EndGlobalSection
	GlobalSection(ProjectConfigurationPlatforms) = postSolution
		{44B7E17D-180A-40D5-A5FA-3A924B424DAC}.Debug|Any CPU.ActiveCfg = Debug|Any CPU
		{44B7E17D-180A-40D5-A5FA-3A924B424DAC}.Debug|Any CPU.Build.0 = Debug|Any CPU
		{44B7E17D-180A-40D5-A5FA-3A924B424DAC}.Release|Any CPU.ActiveCfg = Release|Any CPU
		{44B7E17D-180A-40D5-A5FA-3A924B424DAC}.Release|Any CPU.Build.0 = Release|Any CPU
	EndGlobalSection
	GlobalSection(SolutionProperties) = preSolution
		HideSolutionNode = FALSE
	EndGlobalSection
	GlobalSection(ExtensibilityGlobals) = postSolution
		SolutionGuid = {859937A4-8191-45AD-ADC0-12AD98A8C643}
	EndGlobalSection
EndGlobal
