
Microsoft Visual Studio Solution File, Format Version 12.00
# Visual Studio 15
VisualStudioVersion = 15.0.27004.2009
MinimumVisualStudioVersion = 10.0.40219.1
Project("{FAE04EC0-301F-11D3-BF4B-00C04F79EFBC}") = "RainbowBoxFunction", "RainbowBoxFunction\RainbowBoxFunction.csproj", "{B237BE5A-FC78-492D-976C-EA96E68844F1}"
EndProject
Global
	GlobalSection(SolutionConfigurationPlatforms) = preSolution
		Debug|Any CPU = Debug|Any CPU
		Release|Any CPU = Release|Any CPU
	EndGlobalSection
	GlobalSection(ProjectConfigurationPlatforms) = postSolution
		{B237BE5A-FC78-492D-976C-EA96E68844F1}.Debug|Any CPU.ActiveCfg = Debug|Any CPU
		{B237BE5A-FC78-492D-976C-EA96E68844F1}.Debug|Any CPU.Build.0 = Debug|Any CPU
		{B237BE5A-FC78-492D-976C-EA96E68844F1}.Release|Any CPU.ActiveCfg = Release|Any CPU
		{B237BE5A-FC78-492D-976C-EA96E68844F1}.Release|Any CPU.Build.0 = Release|Any CPU
	EndGlobalSection
	GlobalSection(SolutionProperties) = preSolution
		HideSolutionNode = FALSE
	EndGlobalSection
	GlobalSection(ExtensibilityGlobals) = postSolution
		SolutionGuid = {C6A5D5CA-9F76-4D4B-BBF7-61AD72004212}
	EndGlobalSection
EndGlobal
