
Microsoft Visual Studio Solution File, Format Version 12.00
# Visual Studio 15
VisualStudioVersion = 15.0.27004.2009
MinimumVisualStudioVersion = 10.0.40219.1
Project("{FAE04EC0-301F-11D3-BF4B-00C04F79EFBC}") = "QuoteSwap", "QuoteSwap\QuoteSwap.csproj", "{C0FE7D18-82A3-4D12-AC08-8391AD4E2797}"
EndProject
Global
	GlobalSection(SolutionConfigurationPlatforms) = preSolution
		Debug|Any CPU = Debug|Any CPU
		Release|Any CPU = Release|Any CPU
	EndGlobalSection
	GlobalSection(ProjectConfigurationPlatforms) = postSolution
		{C0FE7D18-82A3-4D12-AC08-8391AD4E2797}.Debug|Any CPU.ActiveCfg = Debug|Any CPU
		{C0FE7D18-82A3-4D12-AC08-8391AD4E2797}.Debug|Any CPU.Build.0 = Debug|Any CPU
		{C0FE7D18-82A3-4D12-AC08-8391AD4E2797}.Release|Any CPU.ActiveCfg = Release|Any CPU
		{C0FE7D18-82A3-4D12-AC08-8391AD4E2797}.Release|Any CPU.Build.0 = Release|Any CPU
	EndGlobalSection
	GlobalSection(SolutionProperties) = preSolution
		HideSolutionNode = FALSE
	EndGlobalSection
	GlobalSection(ExtensibilityGlobals) = postSolution
		SolutionGuid = {3F485143-1C6F-493B-AD8D-894E89C647A9}
	EndGlobalSection
EndGlobal
