
Microsoft Visual Studio Solution File, Format Version 12.00
# Visual Studio 15
VisualStudioVersion = 15.0.27130.2003
MinimumVisualStudioVersion = 10.0.40219.1
Project("{FAE04EC0-301F-11D3-BF4B-00C04F79EFBC}") = "Anagram", "anagram\Anagram.csproj", "{9DBE20E1-BB24-4F36-B45B-6B39F150434A}"
EndProject
Project("{FAE04EC0-301F-11D3-BF4B-00C04F79EFBC}") = "UnitTestAnagram", "UnitTestProject1\UnitTestAnagram.csproj", "{1B10A85F-962F-4132-AB41-934F4EA52ADB}"
EndProject
Global
	GlobalSection(SolutionConfigurationPlatforms) = preSolution
		Debug|Any CPU = Debug|Any CPU
		Release|Any CPU = Release|Any CPU
	EndGlobalSection
	GlobalSection(ProjectConfigurationPlatforms) = postSolution
		{9DBE20E1-BB24-4F36-B45B-6B39F150434A}.Debug|Any CPU.ActiveCfg = Debug|Any CPU
		{9DBE20E1-BB24-4F36-B45B-6B39F150434A}.Debug|Any CPU.Build.0 = Debug|Any CPU
		{9DBE20E1-BB24-4F36-B45B-6B39F150434A}.Release|Any CPU.ActiveCfg = Release|Any CPU
		{9DBE20E1-BB24-4F36-B45B-6B39F150434A}.Release|Any CPU.Build.0 = Release|Any CPU
		{1B10A85F-962F-4132-AB41-934F4EA52ADB}.Debug|Any CPU.ActiveCfg = Debug|Any CPU
		{1B10A85F-962F-4132-AB41-934F4EA52ADB}.Debug|Any CPU.Build.0 = Debug|Any CPU
		{1B10A85F-962F-4132-AB41-934F4EA52ADB}.Release|Any CPU.ActiveCfg = Release|Any CPU
		{1B10A85F-962F-4132-AB41-934F4EA52ADB}.Release|Any CPU.Build.0 = Release|Any CPU
	EndGlobalSection
	GlobalSection(SolutionProperties) = preSolution
		HideSolutionNode = FALSE
	EndGlobalSection
	GlobalSection(ExtensibilityGlobals) = postSolution
		SolutionGuid = {48D6FEC7-0345-4209-89B0-8CC29CE5E3CC}
	EndGlobalSection
EndGlobal
