
Microsoft Visual Studio Solution File, Format Version 12.00
# Visual Studio 15
VisualStudioVersion = 15.0.27004.2009
MinimumVisualStudioVersion = 10.0.40219.1
Project("{FAE04EC0-301F-11D3-BF4B-00C04F79EFBC}") = "CenteredSquare", "CenteredSquare\CenteredSquare.csproj", "{CF224566-F335-4E25-A1DB-0AB2DE6E6516}"
EndProject
Global
	GlobalSection(SolutionConfigurationPlatforms) = preSolution
		Debug|Any CPU = Debug|Any CPU
		Release|Any CPU = Release|Any CPU
	EndGlobalSection
	GlobalSection(ProjectConfigurationPlatforms) = postSolution
		{CF224566-F335-4E25-A1DB-0AB2DE6E6516}.Debug|Any CPU.ActiveCfg = Debug|Any CPU
		{CF224566-F335-4E25-A1DB-0AB2DE6E6516}.Debug|Any CPU.Build.0 = Debug|Any CPU
		{CF224566-F335-4E25-A1DB-0AB2DE6E6516}.Release|Any CPU.ActiveCfg = Release|Any CPU
		{CF224566-F335-4E25-A1DB-0AB2DE6E6516}.Release|Any CPU.Build.0 = Release|Any CPU
	EndGlobalSection
	GlobalSection(SolutionProperties) = preSolution
		HideSolutionNode = FALSE
	EndGlobalSection
	GlobalSection(ExtensibilityGlobals) = postSolution
		SolutionGuid = {96327392-888D-46A4-AE5B-B0117C726D30}
	EndGlobalSection
EndGlobal
