
Microsoft Visual Studio Solution File, Format Version 12.00
# Visual Studio 15
VisualStudioVersion = 15.0.27130.2003
MinimumVisualStudioVersion = 10.0.40219.1
Project("{FAE04EC0-301F-11D3-BF4B-00C04F79EFBC}") = "Exercise19", "Exercise19\Exercise19.csproj", "{503F7C9C-C4C0-4AE7-9813-FEFD72A11501}"
EndProject
Global
	GlobalSection(SolutionConfigurationPlatforms) = preSolution
		Debug|Any CPU = Debug|Any CPU
		Release|Any CPU = Release|Any CPU
	EndGlobalSection
	GlobalSection(ProjectConfigurationPlatforms) = postSolution
		{503F7C9C-C4C0-4AE7-9813-FEFD72A11501}.Debug|Any CPU.ActiveCfg = Debug|Any CPU
		{503F7C9C-C4C0-4AE7-9813-FEFD72A11501}.Debug|Any CPU.Build.0 = Debug|Any CPU
		{503F7C9C-C4C0-4AE7-9813-FEFD72A11501}.Release|Any CPU.ActiveCfg = Release|Any CPU
		{503F7C9C-C4C0-4AE7-9813-FEFD72A11501}.Release|Any CPU.Build.0 = Release|Any CPU
	EndGlobalSection
	GlobalSection(SolutionProperties) = preSolution
		HideSolutionNode = FALSE
	EndGlobalSection
	GlobalSection(ExtensibilityGlobals) = postSolution
		SolutionGuid = {244A18E5-D267-4D99-87CA-1E9943F72915}
	EndGlobalSection
EndGlobal
