
Microsoft Visual Studio Solution File, Format Version 12.00
# Visual Studio 15
VisualStudioVersion = 15.0.27130.2003
MinimumVisualStudioVersion = 10.0.40219.1
Project("{FAE04EC0-301F-11D3-BF4B-00C04F79EFBC}") = "Count-letters", "Count-letters\Count-letters.csproj", "{708F4879-9009-4B27-AB29-B6B0282D29FE}"
EndProject
Project("{FAE04EC0-301F-11D3-BF4B-00C04F79EFBC}") = "UnitTestCountLetters", "UnitTestCountLetters\UnitTestCountLetters.csproj", "{4AA549A9-52E5-4973-A2E0-F71D28D06159}"
EndProject
Global
	GlobalSection(SolutionConfigurationPlatforms) = preSolution
		Debug|Any CPU = Debug|Any CPU
		Release|Any CPU = Release|Any CPU
	EndGlobalSection
	GlobalSection(ProjectConfigurationPlatforms) = postSolution
		{708F4879-9009-4B27-AB29-B6B0282D29FE}.Debug|Any CPU.ActiveCfg = Debug|Any CPU
		{708F4879-9009-4B27-AB29-B6B0282D29FE}.Debug|Any CPU.Build.0 = Debug|Any CPU
		{708F4879-9009-4B27-AB29-B6B0282D29FE}.Release|Any CPU.ActiveCfg = Release|Any CPU
		{708F4879-9009-4B27-AB29-B6B0282D29FE}.Release|Any CPU.Build.0 = Release|Any CPU
		{4AA549A9-52E5-4973-A2E0-F71D28D06159}.Debug|Any CPU.ActiveCfg = Debug|Any CPU
		{4AA549A9-52E5-4973-A2E0-F71D28D06159}.Debug|Any CPU.Build.0 = Debug|Any CPU
		{4AA549A9-52E5-4973-A2E0-F71D28D06159}.Release|Any CPU.ActiveCfg = Release|Any CPU
		{4AA549A9-52E5-4973-A2E0-F71D28D06159}.Release|Any CPU.Build.0 = Release|Any CPU
	EndGlobalSection
	GlobalSection(SolutionProperties) = preSolution
		HideSolutionNode = FALSE
	EndGlobalSection
	GlobalSection(ExtensibilityGlobals) = postSolution
		SolutionGuid = {4607A8B3-6E5D-4542-9AA2-071AE5078B39}
	EndGlobalSection
EndGlobal
