
Microsoft Visual Studio Solution File, Format Version 12.00
# Visual Studio 15
VisualStudioVersion = 15.0.27130.2003
MinimumVisualStudioVersion = 10.0.40219.1
Project("{FAE04EC0-301F-11D3-BF4B-00C04F79EFBC}") = "Exercise14", "Exercise14\Exercise14.csproj", "{9A7F2DBF-9931-438B-943C-AA5C036EACCE}"
EndProject
Global
	GlobalSection(SolutionConfigurationPlatforms) = preSolution
		Debug|Any CPU = Debug|Any CPU
		Release|Any CPU = Release|Any CPU
	EndGlobalSection
	GlobalSection(ProjectConfigurationPlatforms) = postSolution
		{9A7F2DBF-9931-438B-943C-AA5C036EACCE}.Debug|Any CPU.ActiveCfg = Debug|Any CPU
		{9A7F2DBF-9931-438B-943C-AA5C036EACCE}.Debug|Any CPU.Build.0 = Debug|Any CPU
		{9A7F2DBF-9931-438B-943C-AA5C036EACCE}.Release|Any CPU.ActiveCfg = Release|Any CPU
		{9A7F2DBF-9931-438B-943C-AA5C036EACCE}.Release|Any CPU.Build.0 = Release|Any CPU
	EndGlobalSection
	GlobalSection(SolutionProperties) = preSolution
		HideSolutionNode = FALSE
	EndGlobalSection
	GlobalSection(ExtensibilityGlobals) = postSolution
		SolutionGuid = {FAF0768B-5B30-490B-A4D3-9B3A4AF5C31B}
	EndGlobalSection
EndGlobal
