
Microsoft Visual Studio Solution File, Format Version 12.00
# Visual Studio 15
VisualStudioVersion = 15.0.27130.2003
MinimumVisualStudioVersion = 10.0.40219.1
Project("{FAE04EC0-301F-11D3-BF4B-00C04F79EFBC}") = "Exercise12", "Exercise12\Exercise12.csproj", "{97E271B4-8F81-4AC9-B056-171726C6FEB1}"
EndProject
Global
	GlobalSection(SolutionConfigurationPlatforms) = preSolution
		Debug|Any CPU = Debug|Any CPU
		Release|Any CPU = Release|Any CPU
	EndGlobalSection
	GlobalSection(ProjectConfigurationPlatforms) = postSolution
		{97E271B4-8F81-4AC9-B056-171726C6FEB1}.Debug|Any CPU.ActiveCfg = Debug|Any CPU
		{97E271B4-8F81-4AC9-B056-171726C6FEB1}.Debug|Any CPU.Build.0 = Debug|Any CPU
		{97E271B4-8F81-4AC9-B056-171726C6FEB1}.Release|Any CPU.ActiveCfg = Release|Any CPU
		{97E271B4-8F81-4AC9-B056-171726C6FEB1}.Release|Any CPU.Build.0 = Release|Any CPU
	EndGlobalSection
	GlobalSection(SolutionProperties) = preSolution
		HideSolutionNode = FALSE
	EndGlobalSection
	GlobalSection(ExtensibilityGlobals) = postSolution
		SolutionGuid = {27BE6276-334F-47F9-845C-53CECCAA22F0}
	EndGlobalSection
EndGlobal
