
Microsoft Visual Studio Solution File, Format Version 12.00
# Visual Studio 15
VisualStudioVersion = 15.0.27130.2003
MinimumVisualStudioVersion = 10.0.40219.1
Project("{FAE04EC0-301F-11D3-BF4B-00C04F79EFBC}") = "ReflectionTrial", "ReflectionTrial\ReflectionTrial.csproj", "{CBBA2646-5723-4F03-85F5-1C9B97CF991B}"
EndProject
Global
	GlobalSection(SolutionConfigurationPlatforms) = preSolution
		Debug|Any CPU = Debug|Any CPU
		Release|Any CPU = Release|Any CPU
	EndGlobalSection
	GlobalSection(ProjectConfigurationPlatforms) = postSolution
		{CBBA2646-5723-4F03-85F5-1C9B97CF991B}.Debug|Any CPU.ActiveCfg = Debug|Any CPU
		{CBBA2646-5723-4F03-85F5-1C9B97CF991B}.Debug|Any CPU.Build.0 = Debug|Any CPU
		{CBBA2646-5723-4F03-85F5-1C9B97CF991B}.Release|Any CPU.ActiveCfg = Release|Any CPU
		{CBBA2646-5723-4F03-85F5-1C9B97CF991B}.Release|Any CPU.Build.0 = Release|Any CPU
	EndGlobalSection
	GlobalSection(SolutionProperties) = preSolution
		HideSolutionNode = FALSE
	EndGlobalSection
	GlobalSection(ExtensibilityGlobals) = postSolution
		SolutionGuid = {A407936C-7FF0-4697-8624-47282C79B619}
	EndGlobalSection
EndGlobal
