
Microsoft Visual Studio Solution File, Format Version 12.00
# Visual Studio 15
VisualStudioVersion = 15.0.27130.2003
MinimumVisualStudioVersion = 10.0.40219.1
Project("{FAE04EC0-301F-11D3-BF4B-00C04F79EFBC}") = "exercise10", "exercise10\exercise10.csproj", "{93471C02-1002-44E1-BA82-617166ACA314}"
EndProject
Global
	GlobalSection(SolutionConfigurationPlatforms) = preSolution
		Debug|Any CPU = Debug|Any CPU
		Release|Any CPU = Release|Any CPU
	EndGlobalSection
	GlobalSection(ProjectConfigurationPlatforms) = postSolution
		{93471C02-1002-44E1-BA82-617166ACA314}.Debug|Any CPU.ActiveCfg = Debug|Any CPU
		{93471C02-1002-44E1-BA82-617166ACA314}.Debug|Any CPU.Build.0 = Debug|Any CPU
		{93471C02-1002-44E1-BA82-617166ACA314}.Release|Any CPU.ActiveCfg = Release|Any CPU
		{93471C02-1002-44E1-BA82-617166ACA314}.Release|Any CPU.Build.0 = Release|Any CPU
	EndGlobalSection
	GlobalSection(SolutionProperties) = preSolution
		HideSolutionNode = FALSE
	EndGlobalSection
	GlobalSection(ExtensibilityGlobals) = postSolution
		SolutionGuid = {4E1209A0-BD2A-4F50-AE9D-1CEE8495AEF2}
	EndGlobalSection
EndGlobal
