
Microsoft Visual Studio Solution File, Format Version 12.00
# Visual Studio 15
VisualStudioVersion = 15.0.27004.2009
MinimumVisualStudioVersion = 10.0.40219.1
Project("{FAE04EC0-301F-11D3-BF4B-00C04F79EFBC}") = "VariableMutation", "VariableMutation\VariableMutation.csproj", "{C66E935E-7C09-4CDF-931E-157877A3E0D2}"
EndProject
Global
	GlobalSection(SolutionConfigurationPlatforms) = preSolution
		Debug|Any CPU = Debug|Any CPU
		Release|Any CPU = Release|Any CPU
	EndGlobalSection
	GlobalSection(ProjectConfigurationPlatforms) = postSolution
		{C66E935E-7C09-4CDF-931E-157877A3E0D2}.Debug|Any CPU.ActiveCfg = Debug|Any CPU
		{C66E935E-7C09-4CDF-931E-157877A3E0D2}.Debug|Any CPU.Build.0 = Debug|Any CPU
		{C66E935E-7C09-4CDF-931E-157877A3E0D2}.Release|Any CPU.ActiveCfg = Release|Any CPU
		{C66E935E-7C09-4CDF-931E-157877A3E0D2}.Release|Any CPU.Build.0 = Release|Any CPU
	EndGlobalSection
	GlobalSection(SolutionProperties) = preSolution
		HideSolutionNode = FALSE
	EndGlobalSection
	GlobalSection(ExtensibilityGlobals) = postSolution
		SolutionGuid = {85E79F37-53D8-4200-AB01-9CA0E6E774B2}
	EndGlobalSection
EndGlobal
