
Microsoft Visual Studio Solution File, Format Version 12.00
# Visual Studio 15
VisualStudioVersion = 15.0.27004.2009
MinimumVisualStudioVersion = 10.0.40219.1
Project("{FAE04EC0-301F-11D3-BF4B-00C04F79EFBC}") = "PositionSquare", "PositionSquare\PositionSquare.csproj", "{500E11A3-E015-4F40-B967-8C6535112388}"
EndProject
Global
	GlobalSection(SolutionConfigurationPlatforms) = preSolution
		Debug|Any CPU = Debug|Any CPU
		Release|Any CPU = Release|Any CPU
	EndGlobalSection
	GlobalSection(ProjectConfigurationPlatforms) = postSolution
		{500E11A3-E015-4F40-B967-8C6535112388}.Debug|Any CPU.ActiveCfg = Debug|Any CPU
		{500E11A3-E015-4F40-B967-8C6535112388}.Debug|Any CPU.Build.0 = Debug|Any CPU
		{500E11A3-E015-4F40-B967-8C6535112388}.Release|Any CPU.ActiveCfg = Release|Any CPU
		{500E11A3-E015-4F40-B967-8C6535112388}.Release|Any CPU.Build.0 = Release|Any CPU
	EndGlobalSection
	GlobalSection(SolutionProperties) = preSolution
		HideSolutionNode = FALSE
	EndGlobalSection
	GlobalSection(ExtensibilityGlobals) = postSolution
		SolutionGuid = {BE4D2F58-E0B3-49C3-A49E-0948E0A487BE}
	EndGlobalSection
EndGlobal
