
Microsoft Visual Studio Solution File, Format Version 12.00
# Visual Studio 15
VisualStudioVersion = 15.0.27004.2009
MinimumVisualStudioVersion = 10.0.40219.1
Project("{FAE04EC0-301F-11D3-BF4B-00C04F79EFBC}") = "ConditionalVariableMutation", "ConditionalVariableMutation\ConditionalVariableMutation.csproj", "{2DD62F43-E3C2-4A7A-818D-A4D521E1F264}"
EndProject
Global
	GlobalSection(SolutionConfigurationPlatforms) = preSolution
		Debug|Any CPU = Debug|Any CPU
		Release|Any CPU = Release|Any CPU
	EndGlobalSection
	GlobalSection(ProjectConfigurationPlatforms) = postSolution
		{2DD62F43-E3C2-4A7A-818D-A4D521E1F264}.Debug|Any CPU.ActiveCfg = Debug|Any CPU
		{2DD62F43-E3C2-4A7A-818D-A4D521E1F264}.Debug|Any CPU.Build.0 = Debug|Any CPU
		{2DD62F43-E3C2-4A7A-818D-A4D521E1F264}.Release|Any CPU.ActiveCfg = Release|Any CPU
		{2DD62F43-E3C2-4A7A-818D-A4D521E1F264}.Release|Any CPU.Build.0 = Release|Any CPU
	EndGlobalSection
	GlobalSection(SolutionProperties) = preSolution
		HideSolutionNode = FALSE
	EndGlobalSection
	GlobalSection(ExtensibilityGlobals) = postSolution
		SolutionGuid = {0E437B72-0A95-49A3-9CF7-DD45B20B2AC9}
	EndGlobalSection
EndGlobal
